
Microsoft Visual Studio Solution File, Format Version 12.00
# Visual Studio Version 16
VisualStudioVersion = 16.0.31129.286
MinimumVisualStudioVersion = 10.0.40219.1
Project("{FAE04EC0-301F-11D3-BF4B-00C04F79EFBC}") = "StrawHatTextAdventureEngine", "StrawHatTextAdventureEngine\StrawHatTextAdventureEngine.csproj", "{FFEFDAF9-5EA3-4B04-99E6-BCAF182564EA}"
EndProject
Global
	GlobalSection(SolutionConfigurationPlatforms) = preSolution
		Debug|Any CPU = Debug|Any CPU
		Release|Any CPU = Release|Any CPU
	EndGlobalSection
	GlobalSection(ProjectConfigurationPlatforms) = postSolution
		{FFEFDAF9-5EA3-4B04-99E6-BCAF182564EA}.Debug|Any CPU.ActiveCfg = Debug|Any CPU
		{FFEFDAF9-5EA3-4B04-99E6-BCAF182564EA}.Debug|Any CPU.Build.0 = Debug|Any CPU
		{FFEFDAF9-5EA3-4B04-99E6-BCAF182564EA}.Release|Any CPU.ActiveCfg = Release|Any CPU
		{FFEFDAF9-5EA3-4B04-99E6-BCAF182564EA}.Release|Any CPU.Build.0 = Release|Any CPU
	EndGlobalSection
	GlobalSection(SolutionProperties) = preSolution
		HideSolutionNode = FALSE
	EndGlobalSection
	GlobalSection(ExtensibilityGlobals) = postSolution
		SolutionGuid = {6A2976BB-1EE7-4283-A9E1-0CA71BDA7621}
	EndGlobalSection
EndGlobal
